// !$*UTF8*$!
{
	archiveVersion = 1;
	classes = {
	};
	objectVersion = 56;
	objects = {

/* Begin PBXBuildFile section */
		194302162B72638D00CC4E48 /* uiApp.swift in Sources */ = {isa = PBXBuildFile; fileRef = 194302152B72638D00CC4E48 /* uiApp.swift */; };
		194302182B72638D00CC4E48 /* ContentView.swift in Sources */ = {isa = PBXBuildFile; fileRef = 194302172B72638D00CC4E48 /* ContentView.swift */; };
		1943021A2B72638E00CC4E48 /* Assets.xcassets in Resources */ = {isa = PBXBuildFile; fileRef = 194302192B72638E00CC4E48 /* Assets.xcassets */; };
		1943021D2B72638E00CC4E48 /* Preview Assets.xcassets in Resources */ = {isa = PBXBuildFile; fileRef = 1943021C2B72638E00CC4E48 /* Preview Assets.xcassets */; };
		194302272B72638E00CC4E48 /* uiTests.swift in Sources */ = {isa = PBXBuildFile; fileRef = 194302262B72638E00CC4E48 /* uiTests.swift */; };
		194302312B72638E00CC4E48 /* uiUITests.swift in Sources */ = {isa = PBXBuildFile; fileRef = 194302302B72638E00CC4E48 /* uiUITests.swift */; };
		194302332B72638E00CC4E48 /* uiUITestsLaunchTests.swift in Sources */ = {isa = PBXBuildFile; fileRef = 194302322B72638E00CC4E48 /* uiUITestsLaunchTests.swift */; };
/* End PBXBuildFile section */

/* Begin PBXContainerItemProxy section */
		194302232B72638E00CC4E48 /* PBXContainerItemProxy */ = {
			isa = PBXContainerItemProxy;
			containerPortal = 1943020A2B72638D00CC4E48 /* Project object */;
			proxyType = 1;
			remoteGlobalIDString = 194302112B72638D00CC4E48;
			remoteInfo = ui;
		};
		1943022D2B72638E00CC4E48 /* PBXContainerItemProxy */ = {
			isa = PBXContainerItemProxy;
			containerPortal = 1943020A2B72638D00CC4E48 /* Project object */;
			proxyType = 1;
			remoteGlobalIDString = 194302112B72638D00CC4E48;
			remoteInfo = ui;
		};
/* End PBXContainerItemProxy section */

/* Begin PBXFileReference section */
		194302122B72638D00CC4E48 /* ui.app */ = {isa = PBXFileReference; explicitFileType = wrapper.application; includeInIndex = 0; path = ui.app; sourceTree = BUILT_PRODUCTS_DIR; };
		194302152B72638D00CC4E48 /* uiApp.swift */ = {isa = PBXFileReference; lastKnownFileType = sourcecode.swift; path = uiApp.swift; sourceTree = "<group>"; };
		194302172B72638D00CC4E48 /* ContentView.swift */ = {isa = PBXFileReference; lastKnownFileType = sourcecode.swift; path = ContentView.swift; sourceTree = "<group>"; };
		194302192B72638E00CC4E48 /* Assets.xcassets */ = {isa = PBXFileReference; lastKnownFileType = folder.assetcatalog; path = Assets.xcassets; sourceTree = "<group>"; };
		1943021C2B72638E00CC4E48 /* Preview Assets.xcassets */ = {isa = PBXFileReference; lastKnownFileType = folder.assetcatalog; path = "Preview Assets.xcassets"; sourceTree = "<group>"; };
		194302222B72638E00CC4E48 /* uiTests.xctest */ = {isa = PBXFileReference; explicitFileType = wrapper.cfbundle; includeInIndex = 0; path = uiTests.xctest; sourceTree = BUILT_PRODUCTS_DIR; };
		194302262B72638E00CC4E48 /* uiTests.swift */ = {isa = PBXFileReference; lastKnownFileType = sourcecode.swift; path = uiTests.swift; sourceTree = "<group>"; };
		1943022C2B72638E00CC4E48 /* uiUITests.xctest */ = {isa = PBXFileReference; explicitFileType = wrapper.cfbundle; includeInIndex = 0; path = uiUITests.xctest; sourceTree = BUILT_PRODUCTS_DIR; };
		194302302B72638E00CC4E48 /* uiUITests.swift */ = {isa = PBXFileReference; lastKnownFileType = sourcecode.swift; path = uiUITests.swift; sourceTree = "<group>"; };
		194302322B72638E00CC4E48 /* uiUITestsLaunchTests.swift */ = {isa = PBXFileReference; lastKnownFileType = sourcecode.swift; path = uiUITestsLaunchTests.swift; sourceTree = "<group>"; };
/* End PBXFileReference section */

/* Begin PBXFrameworksBuildPhase section */
		1943020F2B72638D00CC4E48 /* Frameworks */ = {
			isa = PBXFrameworksBuildPhase;
			buildActionMask = 2147483647;
			files = (
			);
			runOnlyForDeploymentPostprocessing = 0;
		};
		1943021F2B72638E00CC4E48 /* Frameworks */ = {
			isa = PBXFrameworksBuildPhase;
			buildActionMask = 2147483647;
			files = (
			);
			runOnlyForDeploymentPostprocessing = 0;
		};
		194302292B72638E00CC4E48 /* Frameworks */ = {
			isa = PBXFrameworksBuildPhase;
			buildActionMask = 2147483647;
			files = (
			);
			runOnlyForDeploymentPostprocessing = 0;
		};
/* End PBXFrameworksBuildPhase section */

/* Begin PBXGroup section */
		194302092B72638D00CC4E48 = {
			isa = PBXGroup;
			children = (
				194302142B72638D00CC4E48 /* ui */,
				194302252B72638E00CC4E48 /* uiTests */,
				1943022F2B72638E00CC4E48 /* uiUITests */,
				194302132B72638D00CC4E48 /* Products */,
			);
			sourceTree = "<group>";
		};
		194302132B72638D00CC4E48 /* Products */ = {
			isa = PBXGroup;
			children = (
				194302122B72638D00CC4E48 /* ui.app */,
				194302222B72638E00CC4E48 /* uiTests.xctest */,
				1943022C2B72638E00CC4E48 /* uiUITests.xctest */,
			);
			name = Products;
			sourceTree = "<group>";
		};
		194302142B72638D00CC4E48 /* ui */ = {
			isa = PBXGroup;
			children = (
				194302152B72638D00CC4E48 /* uiApp.swift */,
				194302172B72638D00CC4E48 /* ContentView.swift */,
				194302192B72638E00CC4E48 /* Assets.xcassets */,
				1943021B2B72638E00CC4E48 /* Preview Content */,
			);
			path = ui;
			sourceTree = "<group>";
		};
		1943021B2B72638E00CC4E48 /* Preview Content */ = {
			isa = PBXGroup;
			children = (
				1943021C2B72638E00CC4E48 /* Preview Assets.xcassets */,
			);
			path = "Preview Content";
			sourceTree = "<group>";
		};
		194302252B72638E00CC4E48 /* uiTests */ = {
			isa = PBXGroup;
			children = (
				194302262B72638E00CC4E48 /* uiTests.swift */,
			);
			path = uiTests;
			sourceTree = "<group>";
		};
		1943022F2B72638E00CC4E48 /* uiUITests */ = {
			isa = PBXGroup;
			children = (
				194302302B72638E00CC4E48 /* uiUITests.swift */,
				194302322B72638E00CC4E48 /* uiUITestsLaunchTests.swift */,
			);
			path = uiUITests;
			sourceTree = "<group>";
		};
/* End PBXGroup section */

/* Begin PBXNativeTarget section */
		194302112B72638D00CC4E48 /* ui */ = {
			isa = PBXNativeTarget;
			buildConfigurationList = 194302362B72638E00CC4E48 /* Build configuration list for PBXNativeTarget "ui" */;
			buildPhases = (
				1943020E2B72638D00CC4E48 /* Sources */,
				1943020F2B72638D00CC4E48 /* Frameworks */,
				194302102B72638D00CC4E48 /* Resources */,
			);
			buildRules = (
			);
			dependencies = (
			);
			name = ui;
			productName = ui;
			productReference = 194302122B72638D00CC4E48 /* ui.app */;
			productType = "com.apple.product-type.application";
		};
		194302212B72638E00CC4E48 /* uiTests */ = {
			isa = PBXNativeTarget;
			buildConfigurationList = 194302392B72638E00CC4E48 /* Build configuration list for PBXNativeTarget "uiTests" */;
			buildPhases = (
				1943021E2B72638E00CC4E48 /* Sources */,
				1943021F2B72638E00CC4E48 /* Frameworks */,
				194302202B72638E00CC4E48 /* Resources */,
			);
			buildRules = (
			);
			dependencies = (
				194302242B72638E00CC4E48 /* PBXTargetDependency */,
			);
			name = uiTests;
			productName = uiTests;
			productReference = 194302222B72638E00CC4E48 /* uiTests.xctest */;
			productType = "com.apple.product-type.bundle.unit-test";
		};
		1943022B2B72638E00CC4E48 /* uiUITests */ = {
			isa = PBXNativeTarget;
			buildConfigurationList = 1943023C2B72638E00CC4E48 /* Build configuration list for PBXNativeTarget "uiUITests" */;
			buildPhases = (
				194302282B72638E00CC4E48 /* Sources */,
				194302292B72638E00CC4E48 /* Frameworks */,
				1943022A2B72638E00CC4E48 /* Resources */,
			);
			buildRules = (
			);
			dependencies = (
				1943022E2B72638E00CC4E48 /* PBXTargetDependency */,
			);
			name = uiUITests;
			productName = uiUITests;
			productReference = 1943022C2B72638E00CC4E48 /* uiUITests.xctest */;
			productType = "com.apple.product-type.bundle.ui-testing";
		};
/* End PBXNativeTarget section */

/* Begin PBXProject section */
		1943020A2B72638D00CC4E48 /* Project object */ = {
			isa = PBXProject;
			attributes = {
				BuildIndependentTargetsInParallel = 1;
				LastSwiftUpdateCheck = 1520;
				LastUpgradeCheck = 1520;
				TargetAttributes = {
					194302112B72638D00CC4E48 = {
						CreatedOnToolsVersion = 15.2;
					};
					194302212B72638E00CC4E48 = {
						CreatedOnToolsVersion = 15.2;
						TestTargetID = 194302112B72638D00CC4E48;
					};
					1943022B2B72638E00CC4E48 = {
						CreatedOnToolsVersion = 15.2;
						TestTargetID = 194302112B72638D00CC4E48;
					};
				};
			};
			buildConfigurationList = 1943020D2B72638D00CC4E48 /* Build configuration list for PBXProject "ui" */;
			compatibilityVersion = "Xcode 14.0";
			developmentRegion = en;
			hasScannedForEncodings = 0;
			knownRegions = (
				en,
				Base,
			);
			mainGroup = 194302092B72638D00CC4E48;
			productRefGroup = 194302132B72638D00CC4E48 /* Products */;
			projectDirPath = "";
			projectRoot = "";
			targets = (
				194302112B72638D00CC4E48 /* ui */,
				194302212B72638E00CC4E48 /* uiTests */,
				1943022B2B72638E00CC4E48 /* uiUITests */,
			);
		};
/* End PBXProject section */

/* Begin PBXResourcesBuildPhase section */
		194302102B72638D00CC4E48 /* Resources */ = {
			isa = PBXResourcesBuildPhase;
			buildActionMask = 2147483647;
			files = (
				1943021D2B72638E00CC4E48 /* Preview Assets.xcassets in Resources */,
				1943021A2B72638E00CC4E48 /* Assets.xcassets in Resources */,
			);
			runOnlyForDeploymentPostprocessing = 0;
		};
		194302202B72638E00CC4E48 /* Resources */ = {
			isa = PBXResourcesBuildPhase;
			buildActionMask = 2147483647;
			files = (
			);
			runOnlyForDeploymentPostprocessing = 0;
		};
		1943022A2B72638E00CC4E48 /* Resources */ = {
			isa = PBXResourcesBuildPhase;
			buildActionMask = 2147483647;
			files = (
			);
			runOnlyForDeploymentPostprocessing = 0;
		};
/* End PBXResourcesBuildPhase section */

/* Begin PBXSourcesBuildPhase section */
		1943020E2B72638D00CC4E48 /* Sources */ = {
			isa = PBXSourcesBuildPhase;
			buildActionMask = 2147483647;
			files = (
				194302182B72638D00CC4E48 /* ContentView.swift in Sources */,
				194302162B72638D00CC4E48 /* uiApp.swift in Sources */,
			);
			runOnlyForDeploymentPostprocessing = 0;
		};
		1943021E2B72638E00CC4E48 /* Sources */ = {
			isa = PBXSourcesBuildPhase;
			buildActionMask = 2147483647;
			files = (
				194302272B72638E00CC4E48 /* uiTests.swift in Sources */,
			);
			runOnlyForDeploymentPostprocessing = 0;
		};
		194302282B72638E00CC4E48 /* Sources */ = {
			isa = PBXSourcesBuildPhase;
			buildActionMask = 2147483647;
			files = (
				194302332B72638E00CC4E48 /* uiUITestsLaunchTests.swift in Sources */,
				194302312B72638E00CC4E48 /* uiUITests.swift in Sources */,
			);
			runOnlyForDeploymentPostprocessing = 0;
		};
/* End PBXSourcesBuildPhase section */

/* Begin PBXTargetDependency section */
		194302242B72638E00CC4E48 /* PBXTargetDependency */ = {
			isa = PBXTargetDependency;
			target = 194302112B72638D00CC4E48 /* ui */;
			targetProxy = 194302232B72638E00CC4E48 /* PBXContainerItemProxy */;
		};
		1943022E2B72638E00CC4E48 /* PBXTargetDependency */ = {
			isa = PBXTargetDependency;
			target = 194302112B72638D00CC4E48 /* ui */;
			targetProxy = 1943022D2B72638E00CC4E48 /* PBXContainerItemProxy */;
		};
/* End PBXTargetDependency section */

/* Begin XCBuildConfiguration section */
		194302342B72638E00CC4E48 /* Debug */ = {
			isa = XCBuildConfiguration;
			buildSettings = {
				ALWAYS_SEARCH_USER_PATHS = NO;
				ASSETCATALOG_COMPILER_GENERATE_SWIFT_ASSET_SYMBOL_EXTENSIONS = YES;
				CLANG_ANALYZER_NONNULL = YES;
				CLANG_ANALYZER_NUMBER_OBJECT_CONVERSION = YES_AGGRESSIVE;
				CLANG_CXX_LANGUAGE_STANDARD = "gnu++20";
				CLANG_ENABLE_MODULES = YES;
				CLANG_ENABLE_OBJC_ARC = YES;
				CLANG_ENABLE_OBJC_WEAK = YES;
				CLANG_WARN_BLOCK_CAPTURE_AUTORELEASING = YES;
				CLANG_WARN_BOOL_CONVERSION = YES;
				CLANG_WARN_COMMA = YES;
				CLANG_WARN_CONSTANT_CONVERSION = YES;
				CLANG_WARN_DEPRECATED_OBJC_IMPLEMENTATIONS = YES;
				CLANG_WARN_DIRECT_OBJC_ISA_USAGE = YES_ERROR;
				CLANG_WARN_DOCUMENTATION_COMMENTS = YES;
				CLANG_WARN_EMPTY_BODY = YES;
				CLANG_WARN_ENUM_CONVERSION = YES;
				CLANG_WARN_INFINITE_RECURSION = YES;
				CLANG_WARN_INT_CONVERSION = YES;
				CLANG_WARN_NON_LITERAL_NULL_CONVERSION = YES;
				CLANG_WARN_OBJC_IMPLICIT_RETAIN_SELF = YES;
				CLANG_WARN_OBJC_LITERAL_CONVERSION = YES;
				CLANG_WARN_OBJC_ROOT_CLASS = YES_ERROR;
				CLANG_WARN_QUOTED_INCLUDE_IN_FRAMEWORK_HEADER = YES;
				CLANG_WARN_RANGE_LOOP_ANALYSIS = YES;
				CLANG_WARN_STRICT_PROTOTYPES = YES;
				CLANG_WARN_SUSPICIOUS_MOVE = YES;
				CLANG_WARN_UNGUARDED_AVAILABILITY = YES_AGGRESSIVE;
				CLANG_WARN_UNREACHABLE_CODE = YES;
				CLANG_WARN__DUPLICATE_METHOD_MATCH = YES;
				COPY_PHASE_STRIP = NO;
				DEBUG_INFORMATION_FORMAT = dwarf;
				ENABLE_STRICT_OBJC_MSGSEND = YES;
				ENABLE_TESTABILITY = YES;
				ENABLE_USER_SCRIPT_SANDBOXING = YES;
				GCC_C_LANGUAGE_STANDARD = gnu17;
				GCC_DYNAMIC_NO_PIC = NO;
				GCC_NO_COMMON_BLOCKS = YES;
				GCC_OPTIMIZATION_LEVEL = 0;
				GCC_PREPROCESSOR_DEFINITIONS = (
					"DEBUG=1",
					"$(inherited)",
				);
				GCC_WARN_64_TO_32_BIT_CONVERSION = YES;
				GCC_WARN_ABOUT_RETURN_TYPE = YES_ERROR;
				GCC_WARN_UNDECLARED_SELECTOR = YES;
				GCC_WARN_UNINITIALIZED_AUTOS = YES_AGGRESSIVE;
				GCC_WARN_UNUSED_FUNCTION = YES;
				GCC_WARN_UNUSED_VARIABLE = YES;
				IPHONEOS_DEPLOYMENT_TARGET = 17.2;
				LOCALIZATION_PREFERS_STRING_CATALOGS = YES;
				MTL_ENABLE_DEBUG_INFO = INCLUDE_SOURCE;
				MTL_FAST_MATH = YES;
				ONLY_ACTIVE_ARCH = YES;
				SDKROOT = iphoneos;
				SWIFT_ACTIVE_COMPILATION_CONDITIONS = "DEBUG $(inherited)";
				SWIFT_OPTIMIZATION_LEVEL = "-Onone";
			};
			name = Debug;
		};
		194302352B72638E00CC4E48 /* Release */ = {
			isa = XCBuildConfiguration;
			buildSettings = {
				ALWAYS_SEARCH_USER_PATHS = NO;
				ASSETCATALOG_COMPILER_GENERATE_SWIFT_ASSET_SYMBOL_EXTENSIONS = YES;
				CLANG_ANALYZER_NONNULL = YES;
				CLANG_ANALYZER_NUMBER_OBJECT_CONVERSION = YES_AGGRESSIVE;
				CLANG_CXX_LANGUAGE_STANDARD = "gnu++20";
				CLANG_ENABLE_MODULES = YES;
				CLANG_ENABLE_OBJC_ARC = YES;
				CLANG_ENABLE_OBJC_WEAK = YES;
				CLANG_WARN_BLOCK_CAPTURE_AUTORELEASING = YES;
				CLANG_WARN_BOOL_CONVERSION = YES;
				CLANG_WARN_COMMA = YES;
				CLANG_WARN_CONSTANT_CONVERSION = YES;
				CLANG_WARN_DEPRECATED_OBJC_IMPLEMENTATIONS = YES;
				CLANG_WARN_DIRECT_OBJC_ISA_USAGE = YES_ERROR;
				CLANG_WARN_DOCUMENTATION_COMMENTS = YES;
				CLANG_WARN_EMPTY_BODY = YES;
				CLANG_WARN_ENUM_CONVERSION = YES;
				CLANG_WARN_INFINITE_RECURSION = YES;
				CLANG_WARN_INT_CONVERSION = YES;
				CLANG_WARN_NON_LITERAL_NULL_CONVERSION = YES;
				CLANG_WARN_OBJC_IMPLICIT_RETAIN_SELF = YES;
				CLANG_WARN_OBJC_LITERAL_CONVERSION = YES;
				CLANG_WARN_OBJC_ROOT_CLASS = YES_ERROR;
				CLANG_WARN_QUOTED_INCLUDE_IN_FRAMEWORK_HEADER = YES;
				CLANG_WARN_RANGE_LOOP_ANALYSIS = YES;
				CLANG_WARN_STRICT_PROTOTYPES = YES;
				CLANG_WARN_SUSPICIOUS_MOVE = YES;
				CLANG_WARN_UNGUARDED_AVAILABILITY = YES_AGGRESSIVE;
				CLANG_WARN_UNREACHABLE_CODE = YES;
				CLANG_WARN__DUPLICATE_METHOD_MATCH = YES;
				COPY_PHASE_STRIP = NO;
				DEBUG_INFORMATION_FORMAT = "dwarf-with-dsym";
				ENABLE_NS_ASSERTIONS = NO;
				ENABLE_STRICT_OBJC_MSGSEND = YES;
				ENABLE_USER_SCRIPT_SANDBOXING = YES;
				GCC_C_LANGUAGE_STANDARD = gnu17;
				GCC_NO_COMMON_BLOCKS = YES;
				GCC_WARN_64_TO_32_BIT_CONVERSION = YES;
				GCC_WARN_ABOUT_RETURN_TYPE = YES_ERROR;
				GCC_WARN_UNDECLARED_SELECTOR = YES;
				GCC_WARN_UNINITIALIZED_AUTOS = YES_AGGRESSIVE;
				GCC_WARN_UNUSED_FUNCTION = YES;
				GCC_WARN_UNUSED_VARIABLE = YES;
				IPHONEOS_DEPLOYMENT_TARGET = 17.2;
				LOCALIZATION_PREFERS_STRING_CATALOGS = YES;
				MTL_ENABLE_DEBUG_INFO = NO;
				MTL_FAST_MATH = YES;
				SDKROOT = iphoneos;
				SWIFT_COMPILATION_MODE = wholemodule;
				VALIDATE_PRODUCT = YES;
			};
			name = Release;
		};
		194302372B72638E00CC4E48 /* Debug */ = {
			isa = XCBuildConfiguration;
			buildSettings = {
				ASSETCATALOG_COMPILER_APPICON_NAME = AppIcon;
				ASSETCATALOG_COMPILER_GLOBAL_ACCENT_COLOR_NAME = AccentColor;
				CODE_SIGN_STYLE = Automatic;
				CURRENT_PROJECT_VERSION = 1;
				DEVELOPMENT_ASSET_PATHS = "\"ui/Preview Content\"";
				ENABLE_PREVIEWS = YES;
				GENERATE_INFOPLIST_FILE = YES;
				INFOPLIST_KEY_UIApplicationSceneManifest_Generation = YES;
				INFOPLIST_KEY_UIApplicationSupportsIndirectInputEvents = YES;
				INFOPLIST_KEY_UILaunchScreen_Generation = YES;
				INFOPLIST_KEY_UISupportedInterfaceOrientations_iPad = "UIInterfaceOrientationPortrait UIInterfaceOrientationPortraitUpsideDown UIInterfaceOrientationLandscapeLeft UIInterfaceOrientationLandscapeRight";
				INFOPLIST_KEY_UISupportedInterfaceOrientations_iPhone = "UIInterfaceOrientationPortrait UIInterfaceOrientationLandscapeLeft UIInterfaceOrientationLandscapeRight";
				LD_RUNPATH_SEARCH_PATHS = (
					"$(inherited)",
					"@executable_path/Frameworks",
				);
				MARKETING_VERSION = 1.0;
				PRODUCT_BUNDLE_IDENTIFIER = com.sbj.ui;
				PRODUCT_NAME = "$(TARGET_NAME)";
				SWIFT_EMIT_LOC_STRINGS = YES;
				SWIFT_VERSION = 5.0;
				TARGETED_DEVICE_FAMILY = "1,2";
			};
			name = Debug;
		};
		194302382B72638E00CC4E48 /* Release */ = {
			isa = XCBuildConfiguration;
			buildSettings = {
				ASSETCATALOG_COMPILER_APPICON_NAME = AppIcon;
				ASSETCATALOG_COMPILER_GLOBAL_ACCENT_COLOR_NAME = AccentColor;
				CODE_SIGN_STYLE = Automatic;
				CURRENT_PROJECT_VERSION = 1;
				DEVELOPMENT_ASSET_PATHS = "\"ui/Preview Content\"";
				ENABLE_PREVIEWS = YES;
				GENERATE_INFOPLIST_FILE = YES;
				INFOPLIST_KEY_UIApplicationSceneManifest_Generation = YES;
				INFOPLIST_KEY_UIApplicationSupportsIndirectInputEvents = YES;
				INFOPLIST_KEY_UILaunchScreen_Generation = YES;
				INFOPLIST_KEY_UISupportedInterfaceOrientations_iPad = "UIInterfaceOrientationPortrait UIInterfaceOrientationPortraitUpsideDown UIInterfaceOrientationLandscapeLeft UIInterfaceOrientationLandscapeRight";
				INFOPLIST_KEY_UISupportedInterfaceOrientations_iPhone = "UIInterfaceOrientationPortrait UIInterfaceOrientationLandscapeLeft UIInterfaceOrientationLandscapeRight";
				LD_RUNPATH_SEARCH_PATHS = (
					"$(inherited)",
					"@executable_path/Frameworks",
				);
				MARKETING_VERSION = 1.0;
				PRODUCT_BUNDLE_IDENTIFIER = com.sbj.ui;
				PRODUCT_NAME = "$(TARGET_NAME)";
				SWIFT_EMIT_LOC_STRINGS = YES;
				SWIFT_VERSION = 5.0;
				TARGETED_DEVICE_FAMILY = "1,2";
			};
			name = Release;
		};
		1943023A2B72638E00CC4E48 /* Debug */ = {
			isa = XCBuildConfiguration;
			buildSettings = {
				ALWAYS_EMBED_SWIFT_STANDARD_LIBRARIES = YES;
				BUNDLE_LOADER = "$(TEST_HOST)";
				CODE_SIGN_STYLE = Automatic;
				CURRENT_PROJECT_VERSION = 1;
				GENERATE_INFOPLIST_FILE = YES;
				IPHONEOS_DEPLOYMENT_TARGET = 17.2;
				MARKETING_VERSION = 1.0;
				PRODUCT_BUNDLE_IDENTIFIER = com.sbj.uiTests;
				PRODUCT_NAME = "$(TARGET_NAME)";
				SWIFT_EMIT_LOC_STRINGS = NO;
				SWIFT_VERSION = 5.0;
				TARGETED_DEVICE_FAMILY = "1,2";
				TEST_HOST = "$(BUILT_PRODUCTS_DIR)/ui.app/$(BUNDLE_EXECUTABLE_FOLDER_PATH)/ui";
			};
			name = Debug;
		};
		1943023B2B72638E00CC4E48 /* Release */ = {
			isa = XCBuildConfiguration;
			buildSettings = {
				ALWAYS_EMBED_SWIFT_STANDARD_LIBRARIES = YES;
				BUNDLE_LOADER = "$(TEST_HOST)";
				CODE_SIGN_STYLE = Automatic;
				CURRENT_PROJECT_VERSION = 1;
				GENERATE_INFOPLIST_FILE = YES;
				IPHONEOS_DEPLOYMENT_TARGET = 17.2;
				MARKETING_VERSION = 1.0;
				PRODUCT_BUNDLE_IDENTIFIER = com.sbj.uiTests;
				PRODUCT_NAME = "$(TARGET_NAME)";
				SWIFT_EMIT_LOC_STRINGS = NO;
				SWIFT_VERSION = 5.0;
				TARGETED_DEVICE_FAMILY = "1,2";
				TEST_HOST = "$(BUILT_PRODUCTS_DIR)/ui.app/$(BUNDLE_EXECUTABLE_FOLDER_PATH)/ui";
			};
			name = Release;
		};
		1943023D2B72638E00CC4E48 /* Debug */ = {
			isa = XCBuildConfiguration;
			buildSettings = {
				ALWAYS_EMBED_SWIFT_STANDARD_LIBRARIES = YES;
				CODE_SIGN_STYLE = Automatic;
				CURRENT_PROJECT_VERSION = 1;
				GENERATE_INFOPLIST_FILE = YES;
				MARKETING_VERSION = 1.0;
				PRODUCT_BUNDLE_IDENTIFIER = com.sbj.uiUITests;
				PRODUCT_NAME = "$(TARGET_NAME)";
				SWIFT_EMIT_LOC_STRINGS = NO;
				SWIFT_VERSION = 5.0;
				TARGETED_DEVICE_FAMILY = "1,2";
				TEST_TARGET_NAME = ui;
			};
			name = Debug;
		};
		1943023E2B72638E00CC4E48 /* Release */ = {
			isa = XCBuildConfiguration;
			buildSettings = {
				ALWAYS_EMBED_SWIFT_STANDARD_LIBRARIES = YES;
				CODE_SIGN_STYLE = Automatic;
				CURRENT_PROJECT_VERSION = 1;
				GENERATE_INFOPLIST_FILE = YES;
				MARKETING_VERSION = 1.0;
				PRODUCT_BUNDLE_IDENTIFIER = com.sbj.uiUITests;
				PRODUCT_NAME = "$(TARGET_NAME)";
				SWIFT_EMIT_LOC_STRINGS = NO;
				SWIFT_VERSION = 5.0;
				TARGETED_DEVICE_FAMILY = "1,2";
				TEST_TARGET_NAME = ui;
			};
			name = Release;
		};
/* End XCBuildConfiguration section */

/* Begin XCConfigurationList section */
		1943020D2B72638D00CC4E48 /* Build configuration list for PBXProject "ui" */ = {
			isa = XCConfigurationList;
			buildConfigurations = (
				194302342B72638E00CC4E48 /* Debug */,
				194302352B72638E00CC4E48 /* Release */,
			);
			defaultConfigurationIsVisible = 0;
			defaultConfigurationName = Release;
		};
		194302362B72638E00CC4E48 /* Build configuration list for PBXNativeTarget "ui" */ = {
			isa = XCConfigurationList;
			buildConfigurations = (
				194302372B72638E00CC4E48 /* Debug */,
				194302382B72638E00CC4E48 /* Release */,
			);
			defaultConfigurationIsVisible = 0;
			defaultConfigurationName = Release;
		};
		194302392B72638E00CC4E48 /* Build configuration list for PBXNativeTarget "uiTests" */ = {
			isa = XCConfigurationList;
			buildConfigurations = (
				1943023A2B72638E00CC4E48 /* Debug */,
				1943023B2B72638E00CC4E48 /* Release */,
			);
			defaultConfigurationIsVisible = 0;
			defaultConfigurationName = Release;
		};
		1943023C2B72638E00CC4E48 /* Build configuration list for PBXNativeTarget "uiUITests" */ = {
			isa = XCConfigurationList;
			buildConfigurations = (
				1943023D2B72638E00CC4E48 /* Debug */,
				1943023E2B72638E00CC4E48 /* Release */,
			);
			defaultConfigurationIsVisible = 0;
			defaultConfigurationName = Release;
		};
/* End XCConfigurationList section */
	};
	rootObject = 1943020A2B72638D00CC4E48 /* Project object */;
}
